
Microsoft Visual Studio Solution File, Format Version 12.00
# Visual Studio Version 17
VisualStudioVersion = 17.9.34622.214
MinimumVisualStudioVersion = 10.0.40219.1
Project("{FAE04EC0-301F-11D3-BF4B-00C04F79EFBC}") = "HelloWorldApp", "HelloWorldApp.csproj", "{B02DE3E8-6BB1-4B74-A424-852D037DA6E9}"
EndProject
Project("{FAE04EC0-301F-11D3-BF4B-00C04F79EFBC}") = "HelloWorldApp.Tests", "..\HelloWorldApp.Tests\HelloWorldApp.Tests.csproj", "{16F342DB-B445-4791-ADFE-9E7525365186}"
EndProject
Global
	GlobalSection(SolutionConfigurationPlatforms) = preSolution
		Debug|Any CPU = Debug|Any CPU
		Release|Any CPU = Release|Any CPU
	EndGlobalSection
	GlobalSection(ProjectConfigurationPlatforms) = postSolution
		{B02DE3E8-6BB1-4B74-A424-852D037DA6E9}.Debug|Any CPU.ActiveCfg = Debug|Any CPU
		{B02DE3E8-6BB1-4B74-A424-852D037DA6E9}.Debug|Any CPU.Build.0 = Debug|Any CPU
		{B02DE3E8-6BB1-4B74-A424-852D037DA6E9}.Release|Any CPU.ActiveCfg = Release|Any CPU
		{B02DE3E8-6BB1-4B74-A424-852D037DA6E9}.Release|Any CPU.Build.0 = Release|Any CPU
		{16F342DB-B445-4791-ADFE-9E7525365186}.Debug|Any CPU.ActiveCfg = Debug|Any CPU
		{16F342DB-B445-4791-ADFE-9E7525365186}.Debug|Any CPU.Build.0 = Debug|Any CPU
		{16F342DB-B445-4791-ADFE-9E7525365186}.Release|Any CPU.ActiveCfg = Release|Any CPU
		{16F342DB-B445-4791-ADFE-9E7525365186}.Release|Any CPU.Build.0 = Release|Any CPU
	EndGlobalSection
	GlobalSection(SolutionProperties) = preSolution
		HideSolutionNode = FALSE
	EndGlobalSection
	GlobalSection(ExtensibilityGlobals) = postSolution
		SolutionGuid = {BF554BF3-D6FD-4385-AF96-9543EF815BE3}
	EndGlobalSection
EndGlobal
